version = 1
revision = 3
requires-python = "==3.13.*"
required-markers = [
    "platform_machine == 'arm64' and sys_platform == 'darwin'",
    "platform_machine == 'x86_64' and sys_platform == 'linux'",
    "platform_machine == 'AMD64' and sys_platform == 'win32'",
]

[[package]]
name = "absl-py"
version = "2.5.0"
source = { registry = "https://pypi.org/simple" }
sdist = { url = "https://files.pythonhosted.org/packages/d0/4f/d79676ab82f2e42fc3611618139f13a9c4c31d0cff4b486982047679a802/absl_py-2.5.0.tar.gz", hash = "sha256:0c996f25c0490700fadabe6351630f6111534fa0ae252cc6d2014ea3b141135f", size = 118119, upload-time = "2026-07-03T10:57:48.157Z" }
wheels = [
    { url = "https://files.pythonhosted.org/packages/58/0a/a10b45aab35b175aded078a462dc8d0c698f5b13946e7cb0869097b78bb6/absl_py-2.5.0-py3-none-any.whl", hash = "sha256:0f17b89f2a4eaaedc4f28c622998aa690564b3012a396a4ffad0821007fe03ba", size = 137410, upload-time = "2026-07-03T10:57:46.735Z" },
]

[[package]]
name = "ale-py"
version = "0.12.1"
source = { registry = "https://pypi.org/simple" }
dependencies = [
    { name = "numpy" },
]
sdist = { url = "https://files.pythonhosted.org/packages/3e/e8/e69da8a5fb5feafa9fffb32ed8c2b306b7571b77faf779f61e4eb53304ec/ale_py-0.12.1.tar.gz", hash = "sha256:c503d574c5983e1063b451201ccb779d935919c0f6bf116fb0f4f8aa4c86d249", size = 11460017, upload-time = "2026-08-16T23:19:21.74Z" }
wheels = [
    { url = "https://files.pythonhosted.org/packages/da/d8/761d5f7ad60b3da76cb7e673f440315265b98ce156a0cd6fb45c17d07134/ale_py-0.12.1-cp313-cp313-macosx_13_0_arm64.whl", hash = "sha256:dd7101612154eedb6955dddab18781afbaad652a82e162f320773925a71623ba", size = 2251440, upload-time = "2026-08-16T23:19:12.064Z" },
    { url = "https://files.pythonhosted.org/packages/95/e3/302f76403e743fc08c7c19c6653c8845dc2c07967c58cc87542470a9770a/ale_py-0.12.1-cp313-cp313-manylinux_2_27_aarch64.manylinux_2_28_aarch64.whl", hash = "sha256:c512e7a748c2d27ccbee4d1c345635774f00c3203458bc948dd783048737bebf", size = 2966193, upload-time = "2026-08-16T23:19:13.123Z" },
    { url = "https://files.pythonhosted.org/packages/cf/d6/510df8f46fddf26df0d8a8abd82abb02f198501b3310366073185e38bbd8/ale_py-0.12.1-cp313-cp313-manylinux_2_27_x86_64.manylinux_2_28_x86_64.whl", hash = "sha256:a8c0c61bd17b7853fb296909928abbcece795a3bfa45d979b044ce9a0ab452b6", size = 3109999, upload-time = "2026-08-16T23:19:14.309Z" },
    { url = "https://files.pythonhosted.org/packages/93/c5/8e49a0ffaf87eedd2cb86acc34d590f22cb8dc71b380a75544d6a1ddb320/ale_py-0.12.1-cp313-cp313-win_amd64.whl", hash = "sha256:f000594229a0ab3580f39805195f39e4e8b23d620552208244e9f6728f2b4eff", size = 2145033, upload-time = "2026-08-16T23:19:15.38Z" },
]

[[package]]
name = "box2d"
version = "2.3.10"
source = { registry = "https://pypi.org/simple" }
wheels = [
    { url = "https://files.pythonhosted.org/packages/6b/19/1306ce0c5a7f95b4f16fd748f5040ccadc590753a4acd0e7f393ef970a47/Box2D-2.3.10-cp313-cp313-macosx_10_13_x86_64.whl", hash = "sha256:0bd976f03bb08ffc86172bbf687afdd6e499a34f7d0ebf9da65f7a9c0ff62ba9", size = 1324189, upload-time = "2024-11-29T18:03:07.169Z" },
    { url = "https://files.pythonhosted.org/packages/7d/2c/33285e6fe35dc8aa8d44be0905b8a202abba11474d57d1b1dfa81b5779f6/Box2D-2.3.10-cp313-cp313-macosx_11_0_arm64.whl", hash = "sha256:047d4faae2dc53c408970e494831361fce0460faaa2ed9544824dd3ea5321e7e", size = 1280162, upload-time = "2024-11-29T18:03:11.696Z" },
    { url = "https://files.pythonhosted.org/packages/aa/50/141a420f97920c4cac12037c7cb9ced2631d7d04e33a59b32bea97a846b6/Box2D-2.3.10-cp313-cp313-manylinux_2_17_x86_64.manylinux2014_x86_64.whl", hash = "sha256:ffa4f7955147dd64d33dbb1d360486984d13cda6e566c7c0c5bea348a8b172b4", size = 3689335, upload-time = "2024-11-29T18:03:34.314Z" },
    { url = "https://files.pythonhosted.org/packages/12/bf/791c594e5fd8a9e930e4672761e2a5d00bf9fbb60cddfe5e2233eafa6e22/Box2D-2.3.10-cp313-cp313-manylinux_2_5_i686.manylinux1_i686.manylinux_2_17_i686.manylinux2014_i686.whl", hash = "sha256:f460cb51926ffa9897070f3e7a4a30389da47946c8287ae36bd34b72590b9a99", size = 3373916, upload-time = "2024-11-29T18:03:44.799Z" },
    { url = "https://files.pythonhosted.org/packages/9f/f8/4ccc3422f985639ee4120d3503d6263b9fa2e382a250c8ede444399b76e1/Box2D-2.3.10-cp313-cp313-musllinux_1_2_i686.whl", hash = "sha256:90a48c81e5dc3667ee376d5f1986b645b0b5140644f39032ad2853ff760dd84a", size = 4340307, upload-time = "2024-11-29T18:04:14.854Z" },
    { url = "https://files.pythonhosted.org/packages/e2/c8/3ed795c0e920b461eec500798d2247ac3ba38cf20bb6497c28a9891ee9a2/Box2D-2.3.10-cp313-cp313-musllinux_1_2_x86_64.whl", hash = "sha256:a09ded6f5a4b55f0188af2ad63a6f7d60adc7154671e9f32cef4a0cabf5ed542", size = 4419706, upload-time = "2024-11-29T18:04:28.446Z" },
    { url = "https://files.pythonhosted.org/packages/5c/2e/8b95f2779467c9af0ee62105f105a96e1b5a1380dbf5c546a09af5c51d4e/Box2D-2.3.10-cp313-cp313-win32.whl", hash = "sha256:6d4b0bd0e118e0449eadbadc6cf4617b1dbf72b411fbdccab4921108b3c2b768", size = 1193206, upload-time = "2024-11-29T18:05:01.167Z" },
    { url = "https://files.pythonhosted.org/packages/8d/90/230643c42763a1f5eb0554fbb6729befe6730f6dd9a9e4ec61cd470b94be/Box2D-2.3.10-cp313-cp313-win_amd64.whl", hash = "sha256:49f9d3d0d5956d360e25cd9733a29a3f0018297a3b554a401f19ed2c9499a507", size = 1312703, upload-time = "2024-11-29T18:05:45.749Z" },
]

[[package]]
name = "cloudpickle"
version = "3.1.2"
source = { registry = "https://pypi.org/simple" }
sdist = { url = "https://files.pythonhosted.org/packages/27/fb/576f067976d320f5f0114a8d9fa1215425441bb35627b1993e5afd8111e5/cloudpickle-3.1.2.tar.gz", hash = "sha256:7fda9eb655c9c230dab534f1983763de5835249750e85fbcef43aaa30a9a2414", size = 22330, upload-time = "2025-11-03T09:25:26.604Z" }
wheels = [
    { url = "https://files.pythonhosted.org/packages/88/39/799be3f2f0f38cc727ee3b4f1445fe6d5e4133064ec2e4115069418a5bb6/cloudpickle-3.1.2-py3-none-any.whl", hash = "sha256:9acb47f6afd73f60dc1df93bb801b472f05ff42fa6c84167d25cb206be1fbf4a", size = 22228, upload-time = "2025-11-03T09:25:25.534Z" },
]

[[package]]
name = "etils"
version = "1.14.0"
source = { registry = "https://pypi.org/simple" }
sdist = { url = "https://files.pythonhosted.org/packages/26/ce/6e067242fde898841922ac6fc82b0bb2fe35c38e995880bdffdfbe30182a/etils-1.14.0.tar.gz", hash = "sha256:8136e7f4c4173cd0af0ca5481c4475152f0b8686192951eefa60ee8711e1ede4", size = 108127, upload-time = "2026-03-04T17:41:36.291Z" }
wheels = [
    { url = "https://files.pythonhosted.org/packages/5a/3d/589663aeeacd59bb2f3e8596bfd3e81cf0fb18d70bb433199041f469771b/etils-1.14.0-py3-none-any.whl", hash = "sha256:b5df7341f54dbe1405a4450b2741207b4a8c279780402b45f87202b94dfc52b4", size = 172934, upload-time = "2026-03-04T17:41:35.01Z" },
]

[package.optional-dependencies]
epath = [
    { name = "fsspec" },
    { name = "typing-extensions" },
    { name = "zipp" },
]

[[package]]
name = "farama-notifications"
version = "0.0.6"
source = { registry = "https://pypi.org/simple" }
sdist = { url = "https://files.pythonhosted.org/packages/ec/91/14397890dde30adc4bee6462158933806207bc5dd10d7b4d09d5c33845cf/farama_notifications-0.0.6.tar.gz", hash = "sha256:b19acac4bb41d76e59e03394b5dd165f4761c86fa327f56307a35cbee3b60158", size = 2517, upload-time = "2026-04-24T08:43:57.603Z" }
wheels = [
    { url = "https://files.pythonhosted.org/packages/7c/f0/21f81892e4ed10f4ec3ef2e7cf8635fb76e7c0907c55d0da66be50094760/farama_notifications-0.0.6-py3-none-any.whl", hash = "sha256:f84839188efa1ce5bb361c2a84881b2dc2c0d0d7fb661ff00421820170930935", size = 2897, upload-time = "2026-04-24T08:43:56.785Z" },
]

[[package]]
name = "fsspec"
version = "2026.7.0"
source = { registry = "https://pypi.org/simple" }
sdist = { url = "https://files.pythonhosted.org/packages/00/78/f34251dadb8f3921264a1d9b8946f5e542014ee2614b285261b4e40e6775/fsspec-2026.7.0.tar.gz", hash = "sha256:c803c40f4cf860b49dea58ee3e1c33cb9c790520e233537e1340049f89b82a88", size = 317040, upload-time = "2026-07-28T16:34:51.052Z" }
wheels = [
    { url = "https://files.pythonhosted.org/packages/fd/3c/6a2bf344106328fd04963664a60b9bb6496fc25df8e962fcdc1367285fb9/fsspec-2026.7.0-py3-none-any.whl", hash = "sha256:b57ddbafedfaef7018c1ecab32aa200a9d7ca26b77965f64e48b70061249d279", size = 206583, upload-time = "2026-07-28T16:34:49.538Z" },
]

[[package]]
name = "glfw"
version = "2.10.2"
source = { registry = "https://pypi.org/simple" }
sdist = { url = "https://files.pythonhosted.org/packages/0f/62/096058bcb4b4fb28f7ecd28fb048f07969d90b243c417af5f6d09d45a0c2/glfw-2.10.2.tar.gz", hash = "sha256:5d2cf97c66bc42a6b583be0e307eae5a3945438322e2ed0c5e4f14dc251d693d", size = 36307, upload-time = "2026-07-21T14:42:36.732Z" }
wheels = [
    { url = "https://files.pythonhosted.org/packages/c4/80/5e575ec14f54dc0a644e7215985b9ee7c5044fcc3594d6b83dfdeb04ccd4/glfw-2.10.2-py2.py3-none-macosx_10_6_intel.whl", hash = "sha256:a04d25bb535a3a29e173ea1abd658e161681b5d3816e00bc51c122f74cd7fa3a", size = 110295, upload-time = "2026-07-21T14:42:25.625Z" },
    { url = "https://files.pythonhosted.org/packages/e5/2e/22216db429690aa51fa87d2e2b5e6b610c5a37b9df7768da2927f52f8704/glfw-2.10.2-py2.py3-none-macosx_11_0_arm64.whl", hash = "sha256:c000b8a5e5fb4374b2c18d12347255ccb92001b9bcf80ef74c56072acbb98fe3", size = 107146, upload-time = "2026-07-21T14:42:26.854Z" },
    { url = "https://files.pythonhosted.org/packages/75/a4/9ccee9d5c3b9c5d6bafce3e8d53ab8318eff30124e3c19b95580bebaa6d4/glfw-2.10.2-py2.py3-none-manylinux2014_aarch64.whl", hash = "sha256:0ffe2b48b51f37b05e8f027f57c0b8cd213affaf22fc83401bd9621692d4c6c8", size = 235005, upload-time = "2026-07-21T14:42:27.955Z" },
    { url = "https://files.pythonhosted.org/packages/77/44/37aeed50c581c76e1c5bb83b696a06f98f8ecc979ed8564dde3eef908e8b/glfw-2.10.2-py2.py3-none-manylinux2014_x86_64.whl", hash = "sha256:82daf1f87b2a48815637dc6f6720d4a55a57ba1d3683322dc20dc28065754f97", size = 246951, upload-time = "2026-07-21T14:42:29.107Z" },
    { url = "https://files.pythonhosted.org/packages/52/fc/29b4f1a8c8e33d8934781330a0845458b01da7f389d9fe6a3350e752b7f3/glfw-2.10.2-py2.py3-none-manylinux_2_28_aarch64.whl", hash = "sha256:7604425ec95665cc6a25c3ed7d07e9660d394a34472ceffaec0843c844e7b649", size = 236018, upload-time = "2026-07-21T14:42:30.623Z" },
    { url = "https://files.pythonhosted.org/packages/69/84/1b98671314ea5f40397586b6cd14db913de3196333be558fdc177e61708f/glfw-2.10.2-py2.py3-none-manylinux_2_28_x86_64.whl", hash = "sha256:b860de3ca0686182483f98f3ddd12e660acf25b3e0d521450ec9a3f999f72a65", size = 248490, upload-time = "2026-07-21T14:42:32.377Z" },
    { url = "https://files.pythonhosted.org/packages/12/d9/bd2e6c8dbadcf69fcd2289705e75881258b46221c196903a52e9f6e97322/glfw-2.10.2-py2.py3-none-win32.whl", hash = "sha256:a94aefe8c48886fd83cd6e11e936846166a4b5b94abf1f4bf599d984774b0b1b", size = 557654, upload-time = "2026-07-21T14:42:33.903Z" },
    { url = "https://files.pythonhosted.org/packages/e0/6c/4ca5f3ab85a8d7f612ce857208726e9b834e54e559751e3d4f98cc2f7509/glfw-2.10.2-py2.py3-none-win_amd64.whl", hash = "sha256:15fd0666cd8f1b0ecb535c3abb712b8ddda053bf8d16de2353b1c6ced0e65402", size = 564433, upload-time = "2026-07-21T14:42:35.465Z" },
]

[[package]]
name = "gymnasium"
version = "1.3.0"
source = { registry = "https://pypi.org/simple" }
dependencies = [
    { name = "cloudpickle" },
    { name = "farama-notifications" },
    { name = "numpy" },
    { name = "typing-extensions" },
]
sdist = { url = "https://files.pythonhosted.org/packages/4d/ff/14b6880d703dfaca204490979d3254ccd280c99550798993319902873658/gymnasium-1.3.0.tar.gz", hash = "sha256:6939e86e835d6b71b6ba6bfd360487420876deafc79bfb7bacba83a7c446bcf3", size = 830646, upload-time = "2026-04-22T13:47:14.155Z" }
wheels = [
    { url = "https://files.pythonhosted.org/packages/e9/73/fda6a25f3beeb5e49d74330b44092b9e5a547395ccd478d1103ddcbff1fc/gymnasium-1.3.0-py3-none-any.whl", hash = "sha256:6b8c159a8540dcbcb221722d7efda24d78ebbcbc3bd2ea1c2611aa2a34471fc2", size = 953904, upload-time = "2026-04-22T13:47:12.13Z" },
]

[package.optional-dependencies]
atari = [
    { name = "ale-py" },
]
box2d = [
    { name = "box2d" },
    { name = "pygame-ce" },
    { name = "swig" },
]
classic-control = [
    { name = "pygame-ce" },
]
mujoco = [
    { name = "imageio" },
    { name = "mujoco" },
    { name = "packaging" },
]
toy-text = [
    { name = "pygame-ce" },
]

[[package]]
name = "gymnasium-playbook"
version = "0.1.0"
source = { virtual = "." }
dependencies = [
    { name = "gymnasium", extra = ["classic-control", "toy-text"] },
    { name = "numpy" },
]

[package.optional-dependencies]
atari = [
    { name = "ale-py" },
    { name = "gymnasium", extra = ["atari"] },
]
box2d = [
    { name = "gymnasium", extra = ["box2d"] },
]
mujoco = [
    { name = "gymnasium", extra = ["mujoco"] },
    { name = "mujoco" },
]

[package.metadata]
requires-dist = [
    { name = "ale-py", marker = "extra == 'atari'", specifier = "==0.12.1" },
    { name = "gymnasium", extras = ["atari"], marker = "extra == 'atari'", specifier = "==1.3.0" },
    { name = "gymnasium", extras = ["box2d"], marker = "extra == 'box2d'", specifier = "==1.3.0" },
    { name = "gymnasium", extras = ["classic-control", "toy-text"], specifier = "==1.3.0" },
    { name = "gymnasium", extras = ["mujoco"], marker = "extra == 'mujoco'", specifier = "==1.3.0" },
    { name = "mujoco", marker = "extra == 'mujoco'", specifier = "==3.12.0" },
    { name = "numpy", specifier = "==2.5.3" },
]
provides-extras = ["box2d", "mujoco", "atari"]

[[package]]
name = "imageio"
version = "2.37.4"
source = { registry = "https://pypi.org/simple" }
dependencies = [
    { name = "numpy" },
    { name = "pillow" },
]
sdist = { url = "https://files.pythonhosted.org/packages/48/62/aa770a9307508d2a2a2c62d536a49347bffe9e55322db27838d3c93d0b07/imageio-2.37.4.tar.gz", hash = "sha256:e45cbc5e83502047fb138f7f585f7f105a136a57eea5f4b3cfc6ce1b52720bd3", size = 390173, upload-time = "2026-07-20T05:26:11.369Z" }
wheels = [
    { url = "https://files.pythonhosted.org/packages/3e/2d/ca050652104bab2cf55e569db2a178b1b61cb041fef28307f2db383f6d9f/imageio-2.37.4-py3-none-any.whl", hash = "sha256:1ab2e22c8debf700f24c3ac43e8f95f3b3a8110c83b93411e97b4b0b2cd1c7e6", size = 318000, upload-time = "2026-07-20T05:26:09.874Z" },
]

[[package]]
name = "mujoco"
version = "3.12.0"
source = { registry = "https://pypi.org/simple" }
dependencies = [
    { name = "absl-py" },
    { name = "etils", extra = ["epath"] },
    { name = "glfw" },
    { name = "numpy" },
    { name = "pyopengl" },
]
sdist = { url = "https://files.pythonhosted.org/packages/a6/cd/40c929fa073d6b25d44c9f32b3dbbfcb025053cba54f57f8d46d84cdc034/mujoco-3.12.0.tar.gz", hash = "sha256:38bb3eaf4251937a85d58b25f55b1679297155bc4f4e964490d1fd9f42f8bf93", size = 1209771, upload-time = "2026-08-20T11:01:09.106Z" }
wheels = [
    { url = "https://files.pythonhosted.org/packages/5d/ce/571060e86b1eacf0b13e1b6bff607bede9d16685bb891cf08e60a5288aae/mujoco-3.12.0-cp313-cp313-macosx_11_0_arm64.whl", hash = "sha256:5122a5affff0f592d088a89226360fe86a000b737cac6370ff5e5b552f20bc81", size = 18306139, upload-time = "2026-08-20T11:48:04.452Z" },
    { url = "https://files.pythonhosted.org/packages/56/48/b1e477dc1caec78074ace77d3597f5768a6a1c11a258d7f214473f564b51/mujoco-3.12.0-cp313-cp313-manylinux_2_27_aarch64.manylinux_2_28_aarch64.whl", hash = "sha256:267c3fc36b5a0536073557760e36c464da2ad9a744b047893db73fe273931ad1", size = 18507434, upload-time = "2026-08-20T11:48:07.664Z" },
    { url = "https://files.pythonhosted.org/packages/d2/3d/04d24602d8d73f6eb108be06a04a3e6c8198a83f17de97ae0fc766980ac8/mujoco-3.12.0-cp313-cp313-manylinux_2_27_x86_64.manylinux_2_28_x86_64.whl", hash = "sha256:ce95e5a2dd1afcda3ae276b593ac53348d488d1a99c9b4205ef182164b90ba04", size = 19816710, upload-time = "2026-08-20T11:48:10.239Z" },
    { url = "https://files.pythonhosted.org/packages/0d/52/6133425608c7579b983181bb3bf59999e5d99c47a42f960857aafbbea381/mujoco-3.12.0-cp313-cp313-win_amd64.whl", hash = "sha256:15ca69116c200d8e211587b2b640eccca36064fd96e7a73c9dfe044e057aa67d", size = 16733949, upload-time = "2026-08-20T11:48:13.593Z" },
]

[[package]]
name = "numpy"
version = "2.5.3"
source = { registry = "https://pypi.org/simple" }
sdist = { url = "https://files.pythonhosted.org/packages/13/01/11703282db468b85f6f7b8c7f22d058de5970d5c7e60a3a8aaa313c3de36/numpy-2.5.3.tar.gz", hash = "sha256:df2d5874ff183595a4ba404edd04f6bd9b5505c1d7708573f6a6c17489a67563", size = 20791231, upload-time = "2026-09-06T16:27:47.073Z" }
wheels = [
    { url = "https://files.pythonhosted.org/packages/79/e5/8fb89cd46d14e35699d13bf943a5f5f441ecee8667120a1f6105ab89e349/numpy-2.5.3-cp313-cp313-macosx_10_13_x86_64.whl", hash = "sha256:66a78fe4556c60aceda5916f9eacd638b18e9e681016ec302dcb4682d6d4d034", size = 16991061, upload-time = "2026-09-06T16:25:00.411Z" },
    { url = "https://files.pythonhosted.org/packages/2f/06/9dc9e48b5e5e941c8b10350c5ff2d721da42a20517d911d15544246775ff/numpy-2.5.3-cp313-cp313-macosx_11_0_arm64.whl", hash = "sha256:92f30e89b8ee0ecf363033576c422b2f58fed6a80bed0aa48dff6d14c654663e", size = 12003676, upload-time = "2026-09-06T16:25:03.475Z" },
    { url = "https://files.pythonhosted.org/packages/ab/2a/98282aa5b8f58b1157d440bb6282eed47e3632a5de53a714fbab17e659fe/numpy-2.5.3-cp313-cp313-macosx_14_0_arm64.whl", hash = "sha256:f9a2353b37a1a9e78fd82b27ad7e2a32a2d036604d18f02b05e3136c62ca3b09", size = 5439695, upload-time = "2026-09-06T16:25:05.978Z" },
    { url = "https://files.pythonhosted.org/packages/a1/f9/b6533d777be9d6ffd29dc1be0867e563e6e8cc9a220ff1b716adc317f060/numpy-2.5.3-cp313-cp313-macosx_14_0_x86_64.whl", hash = "sha256:ccbc4665079665c3cf3bab4db9f6b095370cd6437d66be549b6c2a1fd19e1958", size = 6779395, upload-time = "2026-09-06T16:25:08.599Z" },
    { url = "https://files.pythonhosted.org/packages/73/85/735720d04ec197c5dcfacdfc9922667c7f1f5f496a279b7ba4d7c74c4cc7/numpy-2.5.3-cp313-cp313-manylinux_2_27_aarch64.manylinux_2_28_aarch64.whl", hash = "sha256:c76d5dde9f445058f83d0c02af00557a4db91de9a9a57c0df87d1535001d654b", size = 15681750, upload-time = "2026-09-06T16:25:11.173Z" },
    { url = "https://files.pythonhosted.org/packages/3a/1b/3b16a9bc514a440a7a0883684111dcb1ef1aee960af2ca95da8fc775f124/numpy-2.5.3-cp313-cp313-manylinux_2_27_x86_64.manylinux_2_28_x86_64.whl", hash = "sha256:a5fa86b80fd24bcd1aff83ad23be44ea323de3f787be8f8b15d4a65621e25321", size = 16708577, upload-time = "2026-09-06T16:25:14.171Z" },
    { url = "https://files.pythonhosted.org/packages/69/c4/386f397831b07328b639c96c5b62719346cf4baf07c68d927239752b1534/numpy-2.5.3-cp313-cp313-musllinux_1_2_aarch64.whl", hash = "sha256:bd4cb9ad3c7889b9b3fe0a9a9fb5d2ed26f9879bff2608d9f01aed147a20d231", size = 17042047, upload-time = "2026-09-06T16:25:17.582Z" },
    { url = "https://files.pythonhosted.org/packages/5f/3e/a700ecbf36e85ae8328fd3b0e12eeddc22ed6358a64cb2bd913e0d195d65/numpy-2.5.3-cp313-cp313-musllinux_1_2_x86_64.whl", hash = "sha256:1302b90c0e52281681b2975adfe8a860cb7b12216a27b4b0b4207c44bf7bccf0", size = 18465724, upload-time = "2026-09-06T16:25:20.949Z" },
    { url = "https://files.pythonhosted.org/packages/41/ee/38e785e88a4045f6ad1d1f2808dcdfafdca48c760260c0587bf171e29fc9/numpy-2.5.3-cp313-cp313-win32.whl", hash = "sha256:1c80eabb4035ecf4ca9cd49cde8a9fdd69a729e63e6474887d1523ade7aa277f", size = 6129003, upload-time = "2026-09-06T16:25:23.664Z" },
    { url = "https://files.pythonhosted.org/packages/f3/ec/100f2b1794ede74a9b3d7ec6b9736927f56713414c1dfe19ab6c383494bf/numpy-2.5.3-cp313-cp313-win_amd64.whl", hash = "sha256:71cad2b2a7451ab79d8f5e71b453485b6775963d5cf794179144a7463fe6e8ec", size = 12560965, upload-time = "2026-09-06T16:25:26.602Z" },
    { url = "https://files.pythonhosted.org/packages/80/b1/7dc825ca94c12acebbce4c37caa5e198695eb31424bc579679f32b1bb49d/numpy-2.5.3-cp313-cp313-win_arm64.whl", hash = "sha256:8e4dd766076855b5ff7ea52fa5f07ce26286726e0f8bff446b7739d02e6ea204", size = 10482343, upload-time = "2026-09-06T16:25:29.772Z" },
]

[[package]]
name = "packaging"
version = "26.3"
source = { registry = "https://pypi.org/simple" }
sdist = { url = "https://files.pythonhosted.org/packages/7d/fa/3944b40b07da9ce895c0e6303a5ab7d53da063554f534556b134a54d6093/packaging-26.3.tar.gz", hash = "sha256:94edc256424af38762eb31306eed28beb9f0efc50a8837492c9d6fd6004aed79", size = 313412, upload-time = "2026-08-04T18:15:28.737Z" }
wheels = [
    { url = "https://files.pythonhosted.org/packages/63/34/ba1c580383c9eada3711951fef0795c80b829a078d72188184bcab9dd527/packaging-26.3-py3-none-any.whl", hash = "sha256:d7193f7c8e4e93f444fde0262bf90af30e16fa0ad0ad44cb553c87339b23cd1c", size = 129956, upload-time = "2026-08-04T18:15:27.159Z" },
]

[[package]]
name = "pillow"
version = "12.3.0"
source = { registry = "https://pypi.org/simple" }
sdist = { url = "https://files.pythonhosted.org/packages/1c/3d/bb7fca845737cf9d7dbde16ed1843984665ff2e0a518f5db43e77ec540b9/pillow-12.3.0.tar.gz", hash = "sha256:3b8182a766685eaa002637e28b4ec8d6b18819a0c71f579bf0dbaa5830297cce", size = 47025035, upload-time = "2026-07-01T11:56:38.965Z" }
wheels = [
    { url = "https://files.pythonhosted.org/packages/9d/ac/31fb64e1e7efb5a4b50cd3d92049ba89ac6e4d8d3bb6a74e15048ca3353e/pillow-12.3.0-cp313-cp313-ios_13_0_arm64_iphoneos.whl", hash = "sha256:21900ce7ba264168cd50defae43cd75d25c833ad4ad6e73ffc5596d12e25ac89", size = 4161684, upload-time = "2026-07-01T11:54:25.934Z" },
    { url = "https://files.pythonhosted.org/packages/87/b4/9805e23d2b4d77842b468513841fda254ee42f0289d25088340e4ff46e2d/pillow-12.3.0-cp313-cp313-ios_13_0_arm64_iphonesimulator.whl", hash = "sha256:4e8c2a84d977f50b9daed6eeaf3baef67d00d5d74d932288f02cb94518ee3ace", size = 4255487, upload-time = "2026-07-01T11:54:27.935Z" },
    { url = "https://files.pythonhosted.org/packages/df/39/ecf519435a200c693fe053a6ee4d835b41cf963a4dfc2551c4e637cb2a71/pillow-12.3.0-cp313-cp313-ios_13_0_x86_64_iphonesimulator.whl", hash = "sha256:ae26d61dfa7a47befdc7572b521024e8745f3d809bd95ca9505a7bba9ef849ec", size = 3696433, upload-time = "2026-07-01T11:54:29.813Z" },
    { url = "https://files.pythonhosted.org/packages/42/92/2fc3ffad878ae8dd5469ec1bc8eb83b71f48e13efdf68f02709003982a32/pillow-12.3.0-cp313-cp313-macosx_10_13_x86_64.whl", hash = "sha256:7a743ff716f746fc19a9557f60dab1600d4613255f8a7aeb3cdde4db7eb15a66", size = 5345889, upload-time = "2026-07-01T11:54:31.97Z" },
    { url = "https://files.pythonhosted.org/packages/10/76/8803c13605b763d33d156c4678fc77f8443389c0c51c8aef707bb02015f4/pillow-12.3.0-cp313-cp313-macosx_11_0_arm64.whl", hash = "sha256:d69141514cc30b774ceea5e3ed3a6635c8d8a96edf664689b890f4089111fb35", size = 4780109, upload-time = "2026-07-01T11:54:34.026Z" },
    { url = "https://files.pythonhosted.org/packages/1f/01/e18aff37cb0b4aac47ac90f016d347a49aca667ef97f190b06ac2aabc928/pillow-12.3.0-cp313-cp313-manylinux_2_27_aarch64.manylinux_2_28_aarch64.whl", hash = "sha256:f7401aebd7f581d7f83a439d87d474999317ee099218e5ad25d125290990ba65", size = 6263736, upload-time = "2026-07-01T11:54:36.131Z" },
    { url = "https://files.pythonhosted.org/packages/f7/62/de5bdd77d935331f4f802edc11e4d82950f642caad6cb2f949837b8560e2/pillow-12.3.0-cp313-cp313-manylinux_2_27_x86_64.manylinux_2_28_x86_64.whl", hash = "sha256:0847a763afefb695bc912d7c131e7e0632d4edc1d8698f58ddabec8e46b8b6d3", size = 6937129, upload-time = "2026-07-01T11:54:38.216Z" },
    { url = "https://files.pythonhosted.org/packages/70/4d/105627a13300c5e0df1d174230b32fd1273062c96f7745fd552b945d1e1d/pillow-12.3.0-cp313-cp313-musllinux_1_2_aarch64.whl", hash = "sha256:571b9fcb07b97ef3a492028fb3d2dc0993ca23a06138b0315286566d29ef718a", size = 6339562, upload-time = "2026-07-01T11:54:40.354Z" },
    { url = "https://files.pythonhosted.org/packages/6b/1d/f13de01a553988ab895ba1c722e06cf3144d4f57656fd5b81b6d881f1179/pillow-12.3.0-cp313-cp313-musllinux_1_2_x86_64.whl", hash = "sha256:756c768d0c9c2955feb7a56c37ea24aea2e369f8d36a88da270b6a9f19e62b5e", size = 7049439, upload-time = "2026-07-01T11:54:42.489Z" },
    { url = "https://files.pythonhosted.org/packages/c9/f9/066794cca041b969964f779ee5fa66a9498bbf34248ac39c5d7954e4198f/pillow-12.3.0-cp313-cp313-win32.whl", hash = "sha256:a876864214e136f0eb367788dbd7df045f4806801518e2cfe9e13229cfe06d8f", size = 6473287, upload-time = "2026-07-01T11:54:44.9Z" },
    { url = "https://files.pythonhosted.org/packages/a6/9b/7a58e61d62be561da3a356fe2384d4059a6345fc130e23ef1c36a5b81d24/pillow-12.3.0-cp313-cp313-win_amd64.whl", hash = "sha256:1cca606cd25738df4ed873d5ad46bbdb3d83b5cbca291f6b4ff13a4df6b0bbe8", size = 7239691, upload-time = "2026-07-01T11:54:47.141Z" },
    { url = "https://files.pythonhosted.org/packages/aa/b0/c4ed4f0ef8f8fa5ee8351537db6650bb8189f7e118842978dd6589065692/pillow-12.3.0-cp313-cp313-win_arm64.whl", hash = "sha256:b629de27fda84b42cde7edef0d85f13b958b47f6e9bbcbba9b673c562a89bd8b", size = 2568185, upload-time = "2026-07-01T11:54:49.137Z" },
]

[[package]]
name = "pygame-ce"
version = "2.5.8"
source = { registry = "https://pypi.org/simple" }
sdist = { url = "https://files.pythonhosted.org/packages/26/2d/0f942ec31d558a6a1f2fd0df9965ff0055f165ed5b8d36f6509b1f3768a2/pygame_ce-2.5.8.tar.gz", hash = "sha256:3c8e69088ead310037972c391306ea58e74d7296b35d1890067749235fd554ba", size = 5300831, upload-time = "2026-08-09T11:39:49.226Z" }
wheels = [
    { url = "https://files.pythonhosted.org/packages/8a/06/f2e2d9fe3eb2dc1fde30b90e250274e85ba355af729892ac71ba653924a1/pygame_ce-2.5.8-cp313-cp313-macosx_10_13_universal2.whl", hash = "sha256:56441a9bb75c2461750dc0e6e4a46e3833b3cf6339bfbaf16f93ecac037510f3", size = 16562516, upload-time = "2026-08-09T11:38:42.311Z" },
    { url = "https://files.pythonhosted.org/packages/4d/fe/4be67df98bb05f7b024900f80fe4d07a72cec7022262d17c449b2a9f6034/pygame_ce-2.5.8-cp313-cp313-manylinux2014_aarch64.manylinux_2_17_aarch64.whl", hash = "sha256:e3183bc0d808e739ca2400df45a5bfae10704ccbcacab0f04f9adc9027e86427", size = 12045702, upload-time = "2026-08-09T11:38:44.903Z" },
    { url = "https://files.pythonhosted.org/packages/5d/8f/f7d283799aaa2208c1276f085d514f2ac37ce1bb5df940c7cbac7e6a6320/pygame_ce-2.5.8-cp313-cp313-manylinux2014_i686.manylinux_2_17_i686.whl", hash = "sha256:841aecccb498419367936bea0b1b0c6e9d635dc81c41ef26ec1769158f1ab871", size = 12585829, upload-time = "2026-08-09T11:38:47.507Z" },
    { url = "https://files.pythonhosted.org/packages/27/4d/03fd52c7f958b8e929757a118cada9aee16ae9d4fd84f2682ee0cbd3941d/pygame_ce-2.5.8-cp313-cp313-manylinux2014_x86_64.manylinux_2_17_x86_64.whl", hash = "sha256:5bb966b610e161a8f6d908b4c62ef3a1f3e922bc7bed73bd70a3e15dc780b90e", size = 12145623, upload-time = "2026-08-09T11:38:49.87Z" },
    { url = "https://files.pythonhosted.org/packages/6e/61/c02613190a3256a656258bb4f677aecc09c3cb1f5521490ce7d5fb6308dd/pygame_ce-2.5.8-cp313-cp313-win32.whl", hash = "sha256:cab944d76af71e707803856b4db984ca90d9d6453e470e89771ed963c11ed912", size = 9123635, upload-time = "2026-08-09T11:38:52.452Z" },
    { url = "https://files.pythonhosted.org/packages/c0/1b/da9186e5b88714c16fdb23bc4ba0bca4a75c21e3a5cf9607765773f68d22/pygame_ce-2.5.8-cp313-cp313-win_amd64.whl", hash = "sha256:f495b0eb7a5c54c59da58e964bc7f68073c3f43cf307729fd48309104a04c190", size = 9668342, upload-time = "2026-08-09T11:38:54.988Z" },
    { url = "https://files.pythonhosted.org/packages/55/d3/78136bc51be25afbd7954c22488860e80f32d9a885f6667fed8aac7df0d6/pygame_ce-2.5.8-cp313-cp313-win_arm64.whl", hash = "sha256:dea22b4d4c418bbd0bd9853ae797ecfa882436d2684ceb6063ba8b520adc8500", size = 10211021, upload-time = "2026-08-09T11:38:57.529Z" },
]

[[package]]
name = "pyopengl"
version = "3.1.10"
source = { registry = "https://pypi.org/simple" }
sdist = { url = "https://files.pythonhosted.org/packages/6f/16/912b7225d56284859cd9a672827f18be43f8012f8b7b932bc4bd959a298e/pyopengl-3.1.10.tar.gz", hash = "sha256:c4a02d6866b54eb119c8e9b3fb04fa835a95ab802dd96607ab4cdb0012df8335", size = 1915580, upload-time = "2025-08-18T02:33:01.76Z" }
wheels = [
    { url = "https://files.pythonhosted.org/packages/de/e4/1ba6f44e491c4eece978685230dde56b14d51a0365bc1b774ddaa94d14cd/pyopengl-3.1.10-py3-none-any.whl", hash = "sha256:794a943daced39300879e4e47bd94525280685f42dbb5a998d336cfff151d74f", size = 3194996, upload-time = "2025-08-18T02:32:59.902Z" },
]

[[package]]
name = "swig"
version = "4.5.0"
source = { registry = "https://pypi.org/simple" }
sdist = { url = "https://files.pythonhosted.org/packages/7a/4a/0e273ba5c943f8bd1ec53671146f5062062199297e8dbc0d1f11977555a6/swig-4.5.0.tar.gz", hash = "sha256:eb6594f05a1f87783f981e92501c604ac08cc23bb20fa4e6bd5d3a283819f8a5", size = 25844, upload-time = "2026-08-21T18:28:45.676Z" }
wheels = [
    { url = "https://files.pythonhosted.org/packages/1c/4f/08973affe2b98b21c5ad32609b528e0bb9cc5dccf87ac107d3b0e1a423b9/swig-4.5.0-py3-none-macosx_10_9_universal2.whl", hash = "sha256:d7185ecc74f514a5636d5b2e3197acf9eebd07c40d7a5198b03363d9f56ed864", size = 2649879, upload-time = "2026-08-21T18:28:15.672Z" },
    { url = "https://files.pythonhosted.org/packages/22/0c/9a1ef12920e18f6638be03f6adf2f98b3ee23902c6401c85ffccb8cdbc17/swig-4.5.0-py3-none-manylinux2014_aarch64.manylinux_2_17_aarch64.whl", hash = "sha256:59e35b68f32ada308b3d1e13fd2793df9e56d399fa136c50b24fd5a048a94ec9", size = 1961802, upload-time = "2026-08-21T18:28:17.724Z" },
    { url = "https://files.pythonhosted.org/packages/17/1c/f21fadc56c517b072b2b0652bc767fc0e44da5238fe47c3ee9ece73d34a9/swig-4.5.0-py3-none-manylinux2014_ppc64le.manylinux_2_17_ppc64le.whl", hash = "sha256:f166a61e0f31a61f80eb9e22e00649835b30bb92f703ca009c03f719337da1a4", size = 2118597, upload-time = "2026-08-21T18:28:19.51Z" },
    { url = "https://files.pythonhosted.org/packages/7d/bb/add9f6cf59c9c49f3b4eea9260991eae112bf13a750ed76c9cb7739f5e2d/swig-4.5.0-py3-none-manylinux2014_s390x.manylinux_2_17_s390x.whl", hash = "sha256:4f70be1618a6da71bd50c97222cc78ba1fc194a5ab3352dd9868f8cea10aecb2", size = 1955866, upload-time = "2026-08-21T18:28:21.001Z" },
    { url = "https://files.pythonhosted.org/packages/ef/bd/104089157d29013049b66a171d2ee74486af72b20d1621b06dd0cc998565/swig-4.5.0-py3-none-manylinux_2_12_i686.manylinux2010_i686.whl", hash = "sha256:0ea50150bf5f4782789dc2016ff3ea4f40d2e37ed1954ec8c0442b947fae244e", size = 2026678, upload-time = "2026-08-21T18:28:22.709Z" },
    { url = "https://files.pythonhosted.org/packages/29/85/f5f7976ea09a4a16eee5b96f7d7c289685b19651c51ce9946128f1315440/swig-4.5.0-py3-none-manylinux_2_12_x86_64.manylinux2010_x86_64.whl", hash = "sha256:4821eb0b69869af25547fcd00c8235e274e43515d001fd32cf079d52eb7d1d99", size = 1938693, upload-time = "2026-08-21T18:28:24.406Z" },
    { url = "https://files.pythonhosted.org/packages/e4/ef/6139883f1f9b0f0f7a0dee74192ddbd9a5c8b6cc7cee9b0bc390628eefbe/swig-4.5.0-py3-none-manylinux_2_24_armv7l.manylinux_2_31_armv7l.whl", hash = "sha256:22c2f089ee929f3c714b70a657fd96ea395fc49890e7f345d175f9bf15c96a36", size = 1956656, upload-time = "2026-08-21T18:28:26.205Z" },
    { url = "https://files.pythonhosted.org/packages/23/f1/7b75796cc856636efc69529075a7653801b23632e6aaefefe4a8ee17d976/swig-4.5.0-py3-none-manylinux_2_31_riscv64.whl", hash = "sha256:05e5ec8b5d4fabb6e3a910cfb43b7ebb04851c8c66117795350b80bdcb878d24", size = 1927664, upload-time = "2026-08-21T18:28:27.932Z" },
    { url = "https://files.pythonhosted.org/packages/17/b8/fbac0cdf6ee2b99892c1fb296a8bad60adc6d2c33a49733609334ac39547/swig-4.5.0-py3-none-musllinux_1_2_aarch64.whl", hash = "sha256:b297421b229fe23245a2701598a3efd1ba29f4e809aa2cd07b426d52a37ce75a", size = 2997954, upload-time = "2026-08-21T18:28:29.703Z" },
    { url = "https://files.pythonhosted.org/packages/44/1c/d8c4df84868dbe1a0a73d10fed24c36a5e0155f0ba43a72be3bc975d0908/swig-4.5.0-py3-none-musllinux_1_2_armv7l.whl", hash = "sha256:64f37fbaa975403d026a0bdfa4bea27c8e3861f2ee134b37d705d4ad3dd5b435", size = 2826382, upload-time = "2026-08-21T18:28:31.521Z" },
    { url = "https://files.pythonhosted.org/packages/64/e4/c07a09a4be495c70983939c114ccf30d691cf15e61f8a84a444e12e02a3e/swig-4.5.0-py3-none-musllinux_1_2_i686.whl", hash = "sha256:83d1ff7c4422ef1a89ca8f65061be4ef78eb5d02a75fae36043a454461f9c57b", size = 3324095, upload-time = "2026-08-21T18:28:33.373Z" },
    { url = "https://files.pythonhosted.org/packages/0d/ba/28ffbcdee529994f44ec3e9ba6fe19ba6edb10ef07f82609af468c4b7cf6/swig-4.5.0-py3-none-musllinux_1_2_ppc64le.whl", hash = "sha256:edf8a275f9c6b1e0ac6b07d7a9e1e1c835c3d2504f9cec6dc863a959b81ab09a", size = 3241787, upload-time = "2026-08-21T18:28:35.195Z" },
    { url = "https://files.pythonhosted.org/packages/5d/3a/bee4314e01445e920598b8abcaf0fd1477c942b6c8ab167c544891ded065/swig-4.5.0-py3-none-musllinux_1_2_riscv64.whl", hash = "sha256:d5d479fa163e7ffce448bd00f658f688c9b5234eda501fc60c8cdc8087355c49", size = 3012896, upload-time = "2026-08-21T18:28:37.021Z" },
    { url = "https://files.pythonhosted.org/packages/07/22/d65fc57e270f58cc44fc7f6d8ea56534afb71e65b67089b09f04987b32c0/swig-4.5.0-py3-none-musllinux_1_2_s390x.whl", hash = "sha256:a8319ab91625d2e15556eae923f8792ce0e3c11fd375912584f218a4f0e7cf34", size = 3250472, upload-time = "2026-08-21T18:28:38.843Z" },
    { url = "https://files.pythonhosted.org/packages/6b/75/d021463537e8cffd4d3f88228184e7b6aa6641ad97f0fc87f0195ec24150/swig-4.5.0-py3-none-musllinux_1_2_x86_64.whl", hash = "sha256:762638d3f1fa1f27b09f8ef6854ffc0744e0f54ead3b19bfec5d22244bb9872f", size = 3105789, upload-time = "2026-08-21T18:28:40.532Z" },
    { url = "https://files.pythonhosted.org/packages/05/f6/702e2a36f77302baaa5531f0282b34bd1ca935134d6ac9d112db06e93b96/swig-4.5.0-py3-none-win_amd64.whl", hash = "sha256:030fcc0fcc7493a2ee78e167ef87ee550cedd712ed7e6fdf220b90e160d431dd", size = 2617030, upload-time = "2026-08-21T18:28:42.307Z" },
    { url = "https://files.pythonhosted.org/packages/1f/25/7d3c3cc8026a1f02be42e345877844472e618cb9f4c7ac78f2f766f2575a/swig-4.5.0-py3-none-win_arm64.whl", hash = "sha256:5cb1e345a7ae83e2b949262f46785bcdbe0f5c82916cba848322167efefc0db5", size = 2617031, upload-time = "2026-08-21T18:28:44.234Z" },
]

[[package]]
name = "typing-extensions"
version = "4.16.0"
source = { registry = "https://pypi.org/simple" }
sdist = { url = "https://files.pythonhosted.org/packages/f6/cc/6253133b5bb138fc3306cebfbda2c520f545d36b5be2c7255cc528bb45d6/typing_extensions-4.16.0.tar.gz", hash = "sha256:dc983d19a509c94dba722ee6abd33940f7c05a89e243c47e907eb4db6f1a43e5", size = 113555, upload-time = "2026-07-02T08:40:05.92Z" }
wheels = [
    { url = "https://files.pythonhosted.org/packages/49/d3/b8441a820a491ddfc024b0b0cf0393375b75ea13866d9c66727e54c2fc80/typing_extensions-4.16.0-py3-none-any.whl", hash = "sha256:481caa481374e813c1b176ada14e97f1f67a4539ce9cfeb3f350d78d6370c2e8", size = 45571, upload-time = "2026-07-02T08:40:04.659Z" },
]

[[package]]
name = "zipp"
version = "4.1.0"
source = { registry = "https://pypi.org/simple" }
sdist = { url = "https://files.pythonhosted.org/packages/b9/d8/eab98a517c14134c0b2eb4e2387bc5f457334293ec5d2dd3857ec2966802/zipp-4.1.0.tar.gz", hash = "sha256:4cb57381f544315db7688e976e922a2b18cdb513d21cc194eb42232ba2a3e602", size = 26214, upload-time = "2026-05-18T20:08:57.967Z" }
wheels = [
    { url = "https://files.pythonhosted.org/packages/3a/13/547360d81e6d88d58492968ffda9f9542854f11310ee556fef14260cc886/zipp-4.1.0-py3-none-any.whl", hash = "sha256:25ad4e16390cd314347dd8f1de67a2ac538ae658ed4ab9db16029c07c188e97f", size = 10238, upload-time = "2026-05-18T20:08:57.045Z" },
]
